
Microsoft Visual Studio Solution File, Format Version 12.00
# Visual Studio Version 17
VisualStudioVersion = 17.4.33205.214
MinimumVisualStudioVersion = 10.0.40219.1
Project("{FAE04EC0-301F-11D3-BF4B-00C04F79EFBC}") = "SWE4202Lab09A", "SWE4202Lab09A.csproj", "{79D7DCAC-D88B-46B5-AC99-BE57EB0CB9DC}"
EndProject
Global
	GlobalSection(SolutionConfigurationPlatforms) = preSolution
		Debug|Any CPU = Debug|Any CPU
		Release|Any CPU = Release|Any CPU
	EndGlobalSection
	GlobalSection(ProjectConfigurationPlatforms) = postSolution
		{79D7DCAC-D88B-46B5-AC99-BE57EB0CB9DC}.Debug|Any CPU.ActiveCfg = Debug|Any CPU
		{79D7DCAC-D88B-46B5-AC99-BE57EB0CB9DC}.Debug|Any CPU.Build.0 = Debug|Any CPU
		{79D7DCAC-D88B-46B5-AC99-BE57EB0CB9DC}.Release|Any CPU.ActiveCfg = Release|Any CPU
		{79D7DCAC-D88B-46B5-AC99-BE57EB0CB9DC}.Release|Any CPU.Build.0 = Release|Any CPU
	EndGlobalSection
	GlobalSection(SolutionProperties) = preSolution
		HideSolutionNode = FALSE
	EndGlobalSection
	GlobalSection(ExtensibilityGlobals) = postSolution
		SolutionGuid = {58609F40-479E-4865-8919-3F038CB143BA}
	EndGlobalSection
EndGlobal
